
Microsoft Visual Studio Solution File, Format Version 12.00
# Visual Studio 14
VisualStudioVersion = 14.0.25123.0
MinimumVisualStudioVersion = 10.0.40219.1
Project("{FAE04EC0-301F-11D3-BF4B-00C04F79EFBC}") = "CaiqueServer", "CaiqueServer\CaiqueServer.csproj", "{5374C096-CA53-4993-93D5-00B92B8829FF}"
EndProject
Project("{FAE04EC0-301F-11D3-BF4B-00C04F79EFBC}") = "agsxmpp", "agsxmpp\agsxmpp.csproj", "{C6379274-C5DE-41A2-AE3E-753F85A557BA}"
EndProject
Project("{FAE04EC0-301F-11D3-BF4B-00C04F79EFBC}") = "StarkSoftProxy", "starksoftproxy\StarkSoftProxy.csproj", "{3F8CF2C1-EA37-444F-8693-A3A00B1131D2}"
EndProject
Project("{FAE04EC0-301F-11D3-BF4B-00C04F79EFBC}") = "libvideo", "libvideo\libvideo.csproj", "{4DFEDF29-6CB3-4369-8ED9-104A34B8A045}"
EndProject
Project("{FAE04EC0-301F-11D3-BF4B-00C04F79EFBC}") = "FireSharp", "FireSharp\FireSharp.csproj", "{67B7EA6F-DC34-4F48-8331-58DF137D78C9}"
EndProject
Global
	GlobalSection(SolutionConfigurationPlatforms) = preSolution
		Debug|Any CPU = Debug|Any CPU
		Release|Any CPU = Release|Any CPU
	EndGlobalSection
	GlobalSection(ProjectConfigurationPlatforms) = postSolution
		{5374C096-CA53-4993-93D5-00B92B8829FF}.Debug|Any CPU.ActiveCfg = Debug|Any CPU
		{5374C096-CA53-4993-93D5-00B92B8829FF}.Debug|Any CPU.Build.0 = Debug|Any CPU
		{5374C096-CA53-4993-93D5-00B92B8829FF}.Release|Any CPU.ActiveCfg = Release|Any CPU
		{5374C096-CA53-4993-93D5-00B92B8829FF}.Release|Any CPU.Build.0 = Release|Any CPU
		{C6379274-C5DE-41A2-AE3E-753F85A557BA}.Debug|Any CPU.ActiveCfg = Debug|Any CPU
		{C6379274-C5DE-41A2-AE3E-753F85A557BA}.Debug|Any CPU.Build.0 = Debug|Any CPU
		{C6379274-C5DE-41A2-AE3E-753F85A557BA}.Release|Any CPU.ActiveCfg = Release|Any CPU
		{C6379274-C5DE-41A2-AE3E-753F85A557BA}.Release|Any CPU.Build.0 = Release|Any CPU
		{3F8CF2C1-EA37-444F-8693-A3A00B1131D2}.Debug|Any CPU.ActiveCfg = Debug|Any CPU
		{3F8CF2C1-EA37-444F-8693-A3A00B1131D2}.Debug|Any CPU.Build.0 = Debug|Any CPU
		{3F8CF2C1-EA37-444F-8693-A3A00B1131D2}.Release|Any CPU.ActiveCfg = Release|Any CPU
		{3F8CF2C1-EA37-444F-8693-A3A00B1131D2}.Release|Any CPU.Build.0 = Release|Any CPU
		{4DFEDF29-6CB3-4369-8ED9-104A34B8A045}.Debug|Any CPU.ActiveCfg = Debug|Any CPU
		{4DFEDF29-6CB3-4369-8ED9-104A34B8A045}.Debug|Any CPU.Build.0 = Debug|Any CPU
		{4DFEDF29-6CB3-4369-8ED9-104A34B8A045}.Release|Any CPU.ActiveCfg = Release|Any CPU
		{4DFEDF29-6CB3-4369-8ED9-104A34B8A045}.Release|Any CPU.Build.0 = Release|Any CPU
		{67B7EA6F-DC34-4F48-8331-58DF137D78C9}.Debug|Any CPU.ActiveCfg = Debug|Any CPU
		{67B7EA6F-DC34-4F48-8331-58DF137D78C9}.Debug|Any CPU.Build.0 = Debug|Any CPU
		{67B7EA6F-DC34-4F48-8331-58DF137D78C9}.Release|Any CPU.ActiveCfg = Release|Any CPU
		{67B7EA6F-DC34-4F48-8331-58DF137D78C9}.Release|Any CPU.Build.0 = Release|Any CPU
	EndGlobalSection
	GlobalSection(SolutionProperties) = preSolution
		HideSolutionNode = FALSE
	EndGlobalSection
EndGlobal
